{
  "name": "fullstack-ai-practice",
  "version": "1.0.0",
  "lockfileVersion": 3,
  "requires": true,
  "packages": {
    "": {
      "name": "fullstack-ai-practice",
      "version": "1.0.0",
      "license": "ISC",
      "dependencies": {
        "@ai-sdk/amazon-bedrock": "^4.0.113",
        "@anthropic-ai/sdk": "^0.85.0",
        "@types/node": "^25.5.2",
        "ai": "^6.0.152",
        "ts-node": "^10.9.2",
        "typescript": "^6.0.2",
        "zod": "^4.3.6"
      }
    },
    "node_modules/@ai-sdk/amazon-bedrock": {
      "version": "4.0.113",
      "resolved": "https://registry.npmjs.org/@ai-sdk/amazon-bedrock/-/amazon-bedrock-4.0.113.tgz",
      "integrity": "sha512-qoeF2ghkYqHY4u68rasZopYsRuGnRwgqSfe6rhC/jM6W73Z7TU5v9QcfDYKt9dgp19YHY9EqiX3SXVC+uPGkRQ==",
      "license": "Apache-2.0",
      "dependencies": {
        "@ai-sdk/anthropic": "3.0.81",
        "@ai-sdk/openai": "3.0.68",
        "@ai-sdk/provider": "3.0.10",
        "@ai-sdk/provider-utils": "4.0.27",
        "@smithy/eventstream-codec": "^4.0.1",
        "@smithy/util-utf8": "^4.0.0",
        "aws4fetch": "^1.0.20"
      },
      "engines": {
        "node": ">=18"
      },
      "peerDependencies": {
        "zod": "^3.25.76 || ^4.1.8"
      }
    },
    "node_modules/@ai-sdk/anthropic": {
      "version": "3.0.81",
      "resolved": "https://registry.npmjs.org/@ai-sdk/anthropic/-/anthropic-3.0.81.tgz",
      "integrity": "sha512-B1JDd9Ugq9R5AgIaW3674lhGCMMYJcPUxnrZh8fzbGojgg4QvHFRv6eZahGQAUsmGHbcf74G9bdSBDLWQGY2GA==",
      "license": "Apache-2.0",
      "dependencies": {
        "@ai-sdk/provider": "3.0.10",
        "@ai-sdk/provider-utils": "4.0.27"
      },
      "engines": {
        "node": ">=18"
      },
      "peerDependencies": {
        "zod": "^3.25.76 || ^4.1.8"
      }
    },
    "node_modules/@ai-sdk/gateway": {
      "version": "3.0.114",
      "resolved": "https://registry.npmjs.org/@ai-sdk/gateway/-/gateway-3.0.114.tgz",
      "integrity": "sha512-MqkZ5sd+qiq6RgIxELkoFQXg2/JwK+WCMaot7U+rtrZpWJl3fSyYvc28SC03b256o4F7OXjQtdjTqs81B2w+dA==",
      "license": "Apache-2.0",
      "dependencies": {
        "@ai-sdk/provider": "3.0.10",
        "@ai-sdk/provider-utils": "4.0.27",
        "@vercel/oidc": "3.2.0"
      },
      "engines": {
        "node": ">=18"
      },
      "peerDependencies": {
        "zod": "^3.25.76 || ^4.1.8"
      }
    },
    "node_modules/@ai-sdk/openai": {
      "version": "3.0.68",
      "resolved": "https://registry.npmjs.org/@ai-sdk/openai/-/openai-3.0.68.tgz",
      "integrity": "sha512-FCs/DPr4M95UyZ/ABHJmTmCEYRCka/4J0Bna0nsd78QCdGIS0X/zhn+fVzB7mZJo7464uOWYUjROx9PGNGOb0w==",
      "license": "Apache-2.0",
      "dependencies": {
        "@ai-sdk/provider": "3.0.10",
        "@ai-sdk/provider-utils": "4.0.27"
      },
      "engines": {
        "node": ">=18"
      },
      "peerDependencies": {
        "zod": "^3.25.76 || ^4.1.8"
      }
    },
    "node_modules/@ai-sdk/provider": {
      "version": "3.0.10",
      "resolved": "https://registry.npmjs.org/@ai-sdk/provider/-/provider-3.0.10.tgz",
      "integrity": "sha512-Q3BZ27qfpYqnCYGvE3vt+Qi6LGOF9R5Nmzn+9JoM1lCRsD9mYaIhfJLkSunN48nfGXJ6n+XNV0J/XVpqGQl7Dw==",
      "license": "Apache-2.0",
      "dependencies": {
        "json-schema": "^0.4.0"
      },
      "engines": {
        "node": ">=18"
      }
    },
    "node_modules/@ai-sdk/provider-utils": {
      "version": "4.0.27",
      "resolved": "https://registry.npmjs.org/@ai-sdk/provider-utils/-/provider-utils-4.0.27.tgz",
      "integrity": "sha512-ubkAJ+xODouwtmN1tYlvTPphH1hPOBfZaEQe8U7skGvFAnIRs9PPpsq57bC2+Ky/MB4yzhd6YOsxTAx9sGpazw==",
      "license": "Apache-2.0",
      "dependencies": {
        "@ai-sdk/provider": "3.0.10",
        "@standard-schema/spec": "^1.1.0",
        "eventsource-parser": "^3.0.8"
      },
      "engines": {
        "node": ">=18"
      },
      "peerDependencies": {
        "zod": "^3.25.76 || ^4.1.8"
      }
    },
    "node_modules/@anthropic-ai/sdk": {
      "version": "0.85.0",
      "resolved": "https://registry.npmjs.org/@anthropic-ai/sdk/-/sdk-0.85.0.tgz",
      "integrity": "sha512-nmwwB1zYSOwDSKtw+HXUzx+SKfBekTknt92R63tGZAZkppwyHw+cMHugjCvWZ9G92I965tz0062VKeUnzVJZlA==",
      "license": "MIT",
      "dependencies": {
        "json-schema-to-ts": "^3.1.1"
      },
      "bin": {
        "anthropic-ai-sdk": "bin/cli"
      },
      "peerDependencies": {
        "zod": "^3.25.0 || ^4.0.0"
      },
      "peerDependenciesMeta": {
        "zod": {
          "optional": true
        }
      }
    },
    "node_modules/@aws-crypto/crc32": {
      "version": "5.2.0",
      "resolved": "https://registry.npmjs.org/@aws-crypto/crc32/-/crc32-5.2.0.tgz",
      "integrity": "sha512-nLbCWqQNgUiwwtFsen1AdzAtvuLRsQS8rYgMuxCrdKf9kOssamGLuPwyTY9wyYblNr9+1XM8v6zoDTPPSIeANg==",
      "license": "Apache-2.0",
      "dependencies": {
        "@aws-crypto/util": "^5.2.0",
        "@aws-sdk/types": "^3.222.0",
        "tslib": "^2.6.2"
      },
      "engines": {
        "node": ">=16.0.0"
      }
    },
    "node_modules/@aws-crypto/util": {
      "version": "5.2.0",
      "resolved": "https://registry.npmjs.org/@aws-crypto/util/-/util-5.2.0.tgz",
      "integrity": "sha512-4RkU9EsI6ZpBve5fseQlGNUWKMa1RLPQ1dnjnQoe07ldfIzcsGb5hC5W0Dm7u423KWzawlrpbjXBrXCEv9zazQ==",
      "license": "Apache-2.0",
      "dependencies": {
        "@aws-sdk/types": "^3.222.0",
        "@smithy/util-utf8": "^2.0.0",
        "tslib": "^2.6.2"
      }
    },
    "node_modules/@aws-crypto/util/node_modules/@smithy/util-utf8": {
      "version": "2.3.0",
      "resolved": "https://registry.npmjs.org/@smithy/util-utf8/-/util-utf8-2.3.0.tgz",
      "integrity": "sha512-R8Rdn8Hy72KKcebgLiv8jQcQkXoLMOGGv5uI1/k0l+snqkOzQ1R0ChUBCxWMlBsFMekWjq0wRudIweFs7sKT5A==",
      "license": "Apache-2.0",
      "dependencies": {
        "@smithy/util-buffer-from": "^2.2.0",
        "tslib": "^2.6.2"
      },
      "engines": {
        "node": ">=14.0.0"
      }
    },
    "node_modules/@aws-sdk/types": {
      "version": "3.973.12",
      "resolved": "https://registry.npmjs.org/@aws-sdk/types/-/types-3.973.12.tgz",
      "integrity": "sha512-43ajd1NF0RMgX5k0hxCNUyEdrtFUsb2aHT2QvpktSC/2Eyb2Jr/JPVqdp0XIoaHWikZJq5tNWSLO6kB5q2eMCA==",
      "license": "Apache-2.0",
      "dependencies": {
        "@smithy/types": "^4.14.3",
        "tslib": "^2.6.2"
      },
      "engines": {
        "node": ">=20.0.0"
      }
    },
    "node_modules/@babel/runtime": {
      "version": "7.29.2",
      "resolved": "https://registry.npmjs.org/@babel/runtime/-/runtime-7.29.2.tgz",
      "integrity": "sha512-JiDShH45zKHWyGe4ZNVRrCjBz8Nh9TMmZG1kh4QTK8hCBTWBi8Da+i7s1fJw7/lYpM4ccepSNfqzZ/QvABBi5g==",
      "license": "MIT",
      "engines": {
        "node": ">=6.9.0"
      }
    },
    "node_modules/@cspotcode/source-map-support": {
      "version": "0.8.1",
      "resolved": "https://registry.npmjs.org/@cspotcode/source-map-support/-/source-map-support-0.8.1.tgz",
      "integrity": "sha512-IchNf6dN4tHoMFIn/7OE8LWZ19Y6q/67Bmf6vnGREv8RSbBVb9LPJxEcnwrcwX6ixSvaiGoomAUvu4YSxXrVgw==",
      "license": "MIT",
      "dependencies": {
        "@jridgewell/trace-mapping": "0.3.9"
      },
      "engines": {
        "node": ">=12"
      }
    },
    "node_modules/@jridgewell/resolve-uri": {
      "version": "3.1.2",
      "resolved": "https://registry.npmjs.org/@jridgewell/resolve-uri/-/resolve-uri-3.1.2.tgz",
      "integrity": "sha512-bRISgCIjP20/tbWSPWMEi54QVPRZExkuD9lJL+UIxUKtwVJA8wW1Trb1jMs1RFXo1CBTNZ/5hpC9QvmKWdopKw==",
      "license": "MIT",
      "engines": {
        "node": ">=6.0.0"
      }
    },
    "node_modules/@jridgewell/sourcemap-codec": {
      "version": "1.5.5",
      "resolved": "https://registry.npmjs.org/@jridgewell/sourcemap-codec/-/sourcemap-codec-1.5.5.tgz",
      "integrity": "sha512-cYQ9310grqxueWbl+WuIUIaiUaDcj7WOq5fVhEljNVgRfOUhY9fy2zTvfoqWsnebh8Sl70VScFbICvJnLKB0Og==",
      "license": "MIT"
    },
    "node_modules/@jridgewell/trace-mapping": {
      "version": "0.3.9",
      "resolved": "https://registry.npmjs.org/@jridgewell/trace-mapping/-/trace-mapping-0.3.9.tgz",
      "integrity": "sha512-3Belt6tdc8bPgAtbcmdtNJlirVoTmEb5e2gC94PnkwEW9jI6CAHUeoG85tjWP5WquqfavoMtMwiG4P926ZKKuQ==",
      "license": "MIT",
      "dependencies": {
        "@jridgewell/resolve-uri": "^3.0.3",
        "@jridgewell/sourcemap-codec": "^1.4.10"
      }
    },
    "node_modules/@opentelemetry/api": {
      "version": "1.9.0",
      "resolved": "https://registry.npmjs.org/@opentelemetry/api/-/api-1.9.0.tgz",
      "integrity": "sha512-3giAOQvZiH5F9bMlMiv8+GSPMeqg0dbaeo58/0SlA9sxSqZhnUtxzX9/2FzyhS9sWQf5S0GJE0AKBrFqjpeYcg==",
      "license": "Apache-2.0",
      "engines": {
        "node": ">=8.0.0"
      }
    },
    "node_modules/@smithy/core": {
      "version": "3.24.6",
      "resolved": "https://registry.npmjs.org/@smithy/core/-/core-3.24.6.tgz",
      "integrity": "sha512-wBXDRup6UU97VKyaiRo8AssnfStPtG0oAAfpq/bC0a1YYau8pM86YB4kM6ccoVi1mS8l/UHbn9oDM+7uozr/ug==",
      "license": "Apache-2.0",
      "dependencies": {
        "@aws-crypto/crc32": "5.2.0",
        "@smithy/types": "^4.14.3",
        "tslib": "^2.6.2"
      },
      "engines": {
        "node": ">=18.0.0"
      }
    },
    "node_modules/@smithy/eventstream-codec": {
      "version": "4.3.6",
      "resolved": "https://registry.npmjs.org/@smithy/eventstream-codec/-/eventstream-codec-4.3.6.tgz",
      "integrity": "sha512-Ussyv240JxwQP8AmkYdm26wGP/1I8QmIv0ZosgDJDlSzD73FEdj1BOpXMc06VrxX5KxTKhadFNomT2SWutUnpg==",
      "license": "Apache-2.0",
      "dependencies": {
        "@smithy/core": "^3.24.6",
        "tslib": "^2.6.2"
      },
      "engines": {
        "node": ">=18.0.0"
      }
    },
    "node_modules/@smithy/is-array-buffer": {
      "version": "2.2.0",
      "resolved": "https://registry.npmjs.org/@smithy/is-array-buffer/-/is-array-buffer-2.2.0.tgz",
      "integrity": "sha512-GGP3O9QFD24uGeAXYUjwSTXARoqpZykHadOmA8G5vfJPK0/DC67qa//0qvqrJzL1xc8WQWX7/yc7fwudjPHPhA==",
      "license": "Apache-2.0",
      "dependencies": {
        "tslib": "^2.6.2"
      },
      "engines": {
        "node": ">=14.0.0"
      }
    },
    "node_modules/@smithy/types": {
      "version": "4.14.3",
      "resolved": "https://registry.npmjs.org/@smithy/types/-/types-4.14.3.tgz",
      "integrity": "sha512-YupL0ZWmFtJexUN2cHzkvvF/b9pKrtAIfT1o7/oY/Ppu8IYeZ+lDPM5vZdQJaSeA132dJCqojjGC9NhXeF71VQ==",
      "license": "Apache-2.0",
      "dependencies": {
        "tslib": "^2.6.2"
      },
      "engines": {
        "node": ">=18.0.0"
      }
    },
    "node_modules/@smithy/util-buffer-from": {
      "version": "2.2.0",
      "resolved": "https://registry.npmjs.org/@smithy/util-buffer-from/-/util-buffer-from-2.2.0.tgz",
      "integrity": "sha512-IJdWBbTcMQ6DA0gdNhh/BwrLkDR+ADW5Kr1aZmd4k3DIF6ezMV4R2NIAmT08wQJ3yUK82thHWmC/TnK/wpMMIA==",
      "license": "Apache-2.0",
      "dependencies": {
        "@smithy/is-array-buffer": "^2.2.0",
        "tslib": "^2.6.2"
      },
      "engines": {
        "node": ">=14.0.0"
      }
    },
    "node_modules/@smithy/util-utf8": {
      "version": "4.3.6",
      "resolved": "https://registry.npmjs.org/@smithy/util-utf8/-/util-utf8-4.3.6.tgz",
      "integrity": "sha512-tAa4sePYB7mlJzdYbdBqdv37KwFKWixmM/r3ihcI0HFOVjf+a5oGvtcLXcGm4S1bY4DFsLAIOHgjubtp+oRufw==",
      "license": "Apache-2.0",
      "dependencies": {
        "@smithy/core": "^3.24.6",
        "tslib": "^2.6.2"
      },
      "engines": {
        "node": ">=18.0.0"
      }
    },
    "node_modules/@standard-schema/spec": {
      "version": "1.1.0",
      "resolved": "https://registry.npmjs.org/@standard-schema/spec/-/spec-1.1.0.tgz",
      "integrity": "sha512-l2aFy5jALhniG5HgqrD6jXLi/rUWrKvqN/qJx6yoJsgKhblVd+iqqU4RCXavm/jPityDo5TCvKMnpjKnOriy0w==",
      "license": "MIT"
    },
    "node_modules/@tsconfig/node10": {
      "version": "1.0.12",
      "resolved": "https://registry.npmjs.org/@tsconfig/node10/-/node10-1.0.12.tgz",
      "integrity": "sha512-UCYBaeFvM11aU2y3YPZ//O5Rhj+xKyzy7mvcIoAjASbigy8mHMryP5cK7dgjlz2hWxh1g5pLw084E0a/wlUSFQ==",
      "license": "MIT"
    },
    "node_modules/@tsconfig/node12": {
      "version": "1.0.11",
      "resolved": "https://registry.npmjs.org/@tsconfig/node12/-/node12-1.0.11.tgz",
      "integrity": "sha512-cqefuRsh12pWyGsIoBKJA9luFu3mRxCA+ORZvA4ktLSzIuCUtWVxGIuXigEwO5/ywWFMZ2QEGKWvkZG1zDMTag==",
      "license": "MIT"
    },
    "node_modules/@tsconfig/node14": {
      "version": "1.0.3",
      "resolved": "https://registry.npmjs.org/@tsconfig/node14/-/node14-1.0.3.tgz",
      "integrity": "sha512-ysT8mhdixWK6Hw3i1V2AeRqZ5WfXg1G43mqoYlM2nc6388Fq5jcXyr5mRsqViLx/GJYdoL0bfXD8nmF+Zn/Iow==",
      "license": "MIT"
    },
    "node_modules/@tsconfig/node16": {
      "version": "1.0.4",
      "resolved": "https://registry.npmjs.org/@tsconfig/node16/-/node16-1.0.4.tgz",
      "integrity": "sha512-vxhUy4J8lyeyinH7Azl1pdd43GJhZH/tP2weN8TntQblOY+A0XbT8DJk1/oCPuOOyg/Ja757rG0CgHcWC8OfMA==",
      "license": "MIT"
    },
    "node_modules/@types/node": {
      "version": "25.5.2",
      "resolved": "https://registry.npmjs.org/@types/node/-/node-25.5.2.tgz",
      "integrity": "sha512-tO4ZIRKNC+MDWV4qKVZe3Ql/woTnmHDr5JD8UI5hn2pwBrHEwOEMZK7WlNb5RKB6EoJ02gwmQS9OrjuFnZYdpg==",
      "license": "MIT",
      "dependencies": {
        "undici-types": "~7.18.0"
      }
    },
    "node_modules/@vercel/oidc": {
      "version": "3.2.0",
      "resolved": "https://registry.npmjs.org/@vercel/oidc/-/oidc-3.2.0.tgz",
      "integrity": "sha512-UycprH3T6n3jH0k44NHMa7pnFHGu/N05MjojYr+Mc6I7obkoLIJujSWwin1pCvdy/eOxrI/l3uDLQsmcrOb4ug==",
      "license": "Apache-2.0",
      "engines": {
        "node": ">= 20"
      }
    },
    "node_modules/acorn": {
      "version": "8.16.0",
      "resolved": "https://registry.npmjs.org/acorn/-/acorn-8.16.0.tgz",
      "integrity": "sha512-UVJyE9MttOsBQIDKw1skb9nAwQuR5wuGD3+82K6JgJlm/Y+KI92oNsMNGZCYdDsVtRHSak0pcV5Dno5+4jh9sw==",
      "license": "MIT",
      "bin": {
        "acorn": "bin/acorn"
      },
      "engines": {
        "node": ">=0.4.0"
      }
    },
    "node_modules/acorn-walk": {
      "version": "8.3.5",
      "resolved": "https://registry.npmjs.org/acorn-walk/-/acorn-walk-8.3.5.tgz",
      "integrity": "sha512-HEHNfbars9v4pgpW6SO1KSPkfoS0xVOM/9UzkJltjlsHZmJasxg8aXkuZa7SMf8vKGIBhpUsPluQSqhJFCqebw==",
      "license": "MIT",
      "dependencies": {
        "acorn": "^8.11.0"
      },
      "engines": {
        "node": ">=0.4.0"
      }
    },
    "node_modules/ai": {
      "version": "6.0.182",
      "resolved": "https://registry.npmjs.org/ai/-/ai-6.0.182.tgz",
      "integrity": "sha512-ooJdziFjYrYRcsCx107roqA8gDTI3P82nUfroNWIhVvwrkYzEN3W1l50YK+XNqkUew8AiimaW0/SLBewRXMuHQ==",
      "license": "Apache-2.0",
      "dependencies": {
        "@ai-sdk/gateway": "3.0.114",
        "@ai-sdk/provider": "3.0.10",
        "@ai-sdk/provider-utils": "4.0.27",
        "@opentelemetry/api": "^1.9.0"
      },
      "engines": {
        "node": ">=18"
      },
      "peerDependencies": {
        "zod": "^3.25.76 || ^4.1.8"
      }
    },
    "node_modules/arg": {
      "version": "4.1.3",
      "resolved": "https://registry.npmjs.org/arg/-/arg-4.1.3.tgz",
      "integrity": "sha512-58S9QDqG0Xx27YwPSt9fJxivjYl432YCwfDMfZ+71RAqUrZef7LrKQZ3LHLOwCS4FLNBplP533Zx895SeOCHvA==",
      "license": "MIT"
    },
    "node_modules/aws4fetch": {
      "version": "1.0.20",
      "resolved": "https://registry.npmjs.org/aws4fetch/-/aws4fetch-1.0.20.tgz",
      "integrity": "sha512-/djoAN709iY65ETD6LKCtyyEI04XIBP5xVvfmNxsEP0uJB5tyaGBztSryRr4HqMStr9R06PisQE7m9zDTXKu6g==",
      "license": "MIT"
    },
    "node_modules/create-require": {
      "version": "1.1.1",
      "resolved": "https://registry.npmjs.org/create-require/-/create-require-1.1.1.tgz",
      "integrity": "sha512-dcKFX3jn0MpIaXjisoRvexIJVEKzaq7z2rZKxf+MSr9TkdmHmsU4m2lcLojrj/FHl8mk5VxMmYA+ftRkP/3oKQ==",
      "license": "MIT"
    },
    "node_modules/diff": {
      "version": "4.0.4",
      "resolved": "https://registry.npmjs.org/diff/-/diff-4.0.4.tgz",
      "integrity": "sha512-X07nttJQkwkfKfvTPG/KSnE2OMdcUCao6+eXF3wmnIQRn2aPAHH3VxDbDOdegkd6JbPsXqShpvEOHfAT+nCNwQ==",
      "license": "BSD-3-Clause",
      "engines": {
        "node": ">=0.3.1"
      }
    },
    "node_modules/eventsource-parser": {
      "version": "3.0.8",
      "resolved": "https://registry.npmjs.org/eventsource-parser/-/eventsource-parser-3.0.8.tgz",
      "integrity": "sha512-70QWGkr4snxr0OXLRWsFLeRBIRPuQOvt4s8QYjmUlmlkyTZkRqS7EDVRZtzU3TiyDbXSzaOeF0XUKy8PchzukQ==",
      "license": "MIT",
      "engines": {
        "node": ">=18.0.0"
      }
    },
    "node_modules/json-schema": {
      "version": "0.4.0",
      "resolved": "https://registry.npmjs.org/json-schema/-/json-schema-0.4.0.tgz",
      "integrity": "sha512-es94M3nTIfsEPisRafak+HDLfHXnKBhV3vU5eqPcS3flIWqcxJWgXHXiey3YrpaNsanY5ei1VoYEbOzijuq9BA==",
      "license": "(AFL-2.1 OR BSD-3-Clause)"
    },
    "node_modules/json-schema-to-ts": {
      "version": "3.1.1",
      "resolved": "https://registry.npmjs.org/json-schema-to-ts/-/json-schema-to-ts-3.1.1.tgz",
      "integrity": "sha512-+DWg8jCJG2TEnpy7kOm/7/AxaYoaRbjVB4LFZLySZlWn8exGs3A4OLJR966cVvU26N7X9TWxl+Jsw7dzAqKT6g==",
      "license": "MIT",
      "dependencies": {
        "@babel/runtime": "^7.18.3",
        "ts-algebra": "^2.0.0"
      },
      "engines": {
        "node": ">=16"
      }
    },
    "node_modules/make-error": {
      "version": "1.3.6",
      "resolved": "https://registry.npmjs.org/make-error/-/make-error-1.3.6.tgz",
      "integrity": "sha512-s8UhlNe7vPKomQhC1qFelMokr/Sc3AgNbso3n74mVPA5LTZwkB9NlXf4XPamLxJE8h0gh73rM94xvwRT2CVInw==",
      "license": "ISC"
    },
    "node_modules/ts-algebra": {
      "version": "2.0.0",
      "resolved": "https://registry.npmjs.org/ts-algebra/-/ts-algebra-2.0.0.tgz",
      "integrity": "sha512-FPAhNPFMrkwz76P7cdjdmiShwMynZYN6SgOujD1urY4oNm80Ou9oMdmbR45LotcKOXoy7wSmHkRFE6Mxbrhefw==",
      "license": "MIT"
    },
    "node_modules/ts-node": {
      "version": "10.9.2",
      "resolved": "https://registry.npmjs.org/ts-node/-/ts-node-10.9.2.tgz",
      "integrity": "sha512-f0FFpIdcHgn8zcPSbf1dRevwt047YMnaiJM3u2w2RewrB+fob/zePZcrOyQoLMMO7aBIddLcQIEK5dYjkLnGrQ==",
      "license": "MIT",
      "dependencies": {
        "@cspotcode/source-map-support": "^0.8.0",
        "@tsconfig/node10": "^1.0.7",
        "@tsconfig/node12": "^1.0.7",
        "@tsconfig/node14": "^1.0.0",
        "@tsconfig/node16": "^1.0.2",
        "acorn": "^8.4.1",
        "acorn-walk": "^8.1.1",
        "arg": "^4.1.0",
        "create-require": "^1.1.0",
        "diff": "^4.0.1",
        "make-error": "^1.1.1",
        "v8-compile-cache-lib": "^3.0.1",
        "yn": "3.1.1"
      },
      "bin": {
        "ts-node": "dist/bin.js",
        "ts-node-cwd": "dist/bin-cwd.js",
        "ts-node-esm": "dist/bin-esm.js",
        "ts-node-script": "dist/bin-script.js",
        "ts-node-transpile-only": "dist/bin-transpile.js",
        "ts-script": "dist/bin-script-deprecated.js"
      },
      "peerDependencies": {
        "@swc/core": ">=1.2.50",
        "@swc/wasm": ">=1.2.50",
        "@types/node": "*",
        "typescript": ">=2.7"
      },
      "peerDependenciesMeta": {
        "@swc/core": {
          "optional": true
        },
        "@swc/wasm": {
          "optional": true
        }
      }
    },
    "node_modules/tslib": {
      "version": "2.8.1",
      "resolved": "https://registry.npmjs.org/tslib/-/tslib-2.8.1.tgz",
      "integrity": "sha512-oJFu94HQb+KVduSUQL7wnpmqnfmLsOA/nAh6b6EH0wCEoK0/mPeXU6c3wKDV83MkOuHPRHtSXKKU99IBazS/2w==",
      "license": "0BSD"
    },
    "node_modules/typescript": {
      "version": "6.0.2",
      "resolved": "https://registry.npmjs.org/typescript/-/typescript-6.0.2.tgz",
      "integrity": "sha512-bGdAIrZ0wiGDo5l8c++HWtbaNCWTS4UTv7RaTH/ThVIgjkveJt83m74bBHMJkuCbslY8ixgLBVZJIOiQlQTjfQ==",
      "license": "Apache-2.0",
      "bin": {
        "tsc": "bin/tsc",
        "tsserver": "bin/tsserver"
      },
      "engines": {
        "node": ">=14.17"
      }
    },
    "node_modules/undici-types": {
      "version": "7.18.2",
      "resolved": "https://registry.npmjs.org/undici-types/-/undici-types-7.18.2.tgz",
      "integrity": "sha512-AsuCzffGHJybSaRrmr5eHr81mwJU3kjw6M+uprWvCXiNeN9SOGwQ3Jn8jb8m3Z6izVgknn1R0FTCEAP2QrLY/w==",
      "license": "MIT"
    },
    "node_modules/v8-compile-cache-lib": {
      "version": "3.0.1",
      "resolved": "https://registry.npmjs.org/v8-compile-cache-lib/-/v8-compile-cache-lib-3.0.1.tgz",
      "integrity": "sha512-wa7YjyUGfNZngI/vtK0UHAN+lgDCxBPCylVXGp0zu59Fz5aiGtNXaq3DhIov063MorB+VfufLh3JlF2KdTK3xg==",
      "license": "MIT"
    },
    "node_modules/yn": {
      "version": "3.1.1",
      "resolved": "https://registry.npmjs.org/yn/-/yn-3.1.1.tgz",
      "integrity": "sha512-Ux4ygGWsu2c7isFWe8Yu1YluJmqVhxqK2cLXNQA5AcC3QfbGNpM7fu0Y8b/z16pXLnFxZYvWhd3fhBY9DLmC6Q==",
      "license": "MIT",
      "engines": {
        "node": ">=6"
      }
    },
    "node_modules/zod": {
      "version": "4.4.3",
      "resolved": "https://registry.npmjs.org/zod/-/zod-4.4.3.tgz",
      "integrity": "sha512-ytENFjIJFl2UwYglde2jchW2Hwm4GJFLDiSXWdTrJQBIN9Fcyp7n4DhxJEiWNAJMV1/BqWfW/kkg71UDcHJyTQ==",
      "license": "MIT",
      "funding": {
        "url": "https://github.com/sponsors/colinhacks"
      }
    }
  }
}
